{
  "name": "eot-sports",
  "version": "1.0.0",
  "lockfileVersion": 3,
  "requires": true,
  "packages": {
    "": {
      "name": "eot-sports",
      "version": "1.0.0",
      "license": "ISC",
      "dependencies": {
        "@fontsource/anton": "^5.3.0",
        "@fontsource/archivo": "^5.3.0",
        "@fontsource/barlow-condensed": "^5.3.0",
        "@fontsource/oswald": "^5.3.0",
        "playwright-core": "^1.62.1"
      }
    },
    "node_modules/@fontsource/anton": {
      "version": "5.3.0",
      "resolved": "https://registry.npmjs.org/@fontsource/anton/-/anton-5.3.0.tgz",
      "integrity": "sha512-OR1D5n124n2XRs66SbX7IjcOSptljEJE8FcDNnlni2y1/M6KpTx7cU2PIWzTSsBj4WFkHPw24On8qw3qkQZuTw==",
      "license": "OFL-1.1",
      "funding": {
        "url": "https://github.com/sponsors/ayuhito"
      }
    },
    "node_modules/@fontsource/archivo": {
      "version": "5.3.0",
      "resolved": "https://registry.npmjs.org/@fontsource/archivo/-/archivo-5.3.0.tgz",
      "integrity": "sha512-5DIMgPVJRi62OqdOVoogCFxP73EkNM/E0YVTSDIQlDEJfDbxqZduwM/YoNZwC9Sx1CDgpKinqf8ckRY1QNIecw==",
      "license": "OFL-1.1",
      "funding": {
        "url": "https://github.com/sponsors/ayuhito"
      }
    },
    "node_modules/@fontsource/barlow-condensed": {
      "version": "5.3.0",
      "resolved": "https://registry.npmjs.org/@fontsource/barlow-condensed/-/barlow-condensed-5.3.0.tgz",
      "integrity": "sha512-RA7MmIx0v3eQ6Gcf74qLVLOwLB0GpPOzx+eU9iG/AmCnSJGcIWYeU8y6CEMGZ210MGwGg5CZhzLkkvyZdTTk1g==",
      "license": "OFL-1.1",
      "funding": {
        "url": "https://github.com/sponsors/ayuhito"
      }
    },
    "node_modules/@fontsource/oswald": {
      "version": "5.3.0",
      "resolved": "https://registry.npmjs.org/@fontsource/oswald/-/oswald-5.3.0.tgz",
      "integrity": "sha512-16r2aHActe0pH+9FLdk/74/YxXM7HpGak05kAzx3RvSToiJwGvyhv6GvckPz+YuZmvL1nxWbEop2jAXRcXYPRg==",
      "license": "OFL-1.1",
      "funding": {
        "url": "https://github.com/sponsors/ayuhito"
      }
    },
    "node_modules/playwright-core": {
      "version": "1.62.1",
      "resolved": "https://registry.npmjs.org/playwright-core/-/playwright-core-1.62.1.tgz",
      "integrity": "sha512-wPYSwEBJY9GHraISXqyqtx0na0LpO3XEX7jNDhntbex7tzUS7kLnZsOlFruFJB4Hi/rhDMjXGqHewDZ68nYZVw==",
      "license": "Apache-2.0",
      "bin": {
        "playwright-core": "cli.js"
      },
      "engines": {
        "node": ">=20"
      }
    }
  }
}
